
Microsoft Visual Studio Solution File, Format Version 12.00
# Visual Studio Version 17
VisualStudioVersion = 17.3.32929.385
MinimumVisualStudioVersion = 10.0.40219.1
Project("{FAE04EC0-301F-11D3-BF4B-00C04F79EFBC}") = "Tienda", "Tienda.csproj", "{C648BCF3-DA7C-4444-B4EE-382C503B95EB}"
EndProject
Global
	GlobalSection(SolutionConfigurationPlatforms) = preSolution
		Debug|Any CPU = Debug|Any CPU
		Release|Any CPU = Release|Any CPU
	EndGlobalSection
	GlobalSection(ProjectConfigurationPlatforms) = postSolution
		{C648BCF3-DA7C-4444-B4EE-382C503B95EB}.Debug|Any CPU.ActiveCfg = Debug|Any CPU
		{C648BCF3-DA7C-4444-B4EE-382C503B95EB}.Debug|Any CPU.Build.0 = Debug|Any CPU
		{C648BCF3-DA7C-4444-B4EE-382C503B95EB}.Release|Any CPU.ActiveCfg = Release|Any CPU
		{C648BCF3-DA7C-4444-B4EE-382C503B95EB}.Release|Any CPU.Build.0 = Release|Any CPU
	EndGlobalSection
	GlobalSection(SolutionProperties) = preSolution
		HideSolutionNode = FALSE
	EndGlobalSection
	GlobalSection(ExtensibilityGlobals) = postSolution
		SolutionGuid = {1FC8C0EC-0A08-405D-AA5F-F36A626889B8}
	EndGlobalSection
EndGlobal
